{
  "name": "awersome-address",
  "version": "1.0.0",
  "lockfileVersion": 1,
  "requires": true,
  "dependencies": {
    "node-uid": {
      "version": "0.1.3",
      "resolved": "https://registry.npmjs.org/node-uid/-/node-uid-0.1.3.tgz",
      "integrity": "sha512-FS2gv7HIQ5LI0iw/HqK2h0VVjubge6vJnLX+ll7Ue5MDeWOZaXAgmccmVm80IdHl3S5L2sJMrGKlO3ri4hzxWA=="
    }
  }
}
